
Microsoft Visual Studio Solution File, Format Version 12.00
# Visual Studio Version 17
VisualStudioVersion = 17.0.31903.59
MinimumVisualStudioVersion = 10.0.40219.1
Project("{FAE04EC0-301F-11D3-BF4B-00C04F79EFBC}") = "GrpcServer", "GrpcServer\GrpcServer.csproj", "{BAF59600-F7A3-44BB-8038-4282EDAB480C}"
EndProject
Project("{FAE04EC0-301F-11D3-BF4B-00C04F79EFBC}") = "GrpcClient", "GrpcClient\GrpcClient.csproj", "{47F66926-8BF8-4D5A-9402-44BD6F2D1170}"
EndProject
Global
	GlobalSection(SolutionConfigurationPlatforms) = preSolution
		Debug|Any CPU = Debug|Any CPU
		Debug|x64 = Debug|x64
		Debug|x86 = Debug|x86
		Release|Any CPU = Release|Any CPU
		Release|x64 = Release|x64
		Release|x86 = Release|x86
	EndGlobalSection
	GlobalSection(ProjectConfigurationPlatforms) = postSolution
		{BAF59600-F7A3-44BB-8038-4282EDAB480C}.Debug|Any CPU.ActiveCfg = Debug|Any CPU
		{BAF59600-F7A3-44BB-8038-4282EDAB480C}.Debug|Any CPU.Build.0 = Debug|Any CPU
		{BAF59600-F7A3-44BB-8038-4282EDAB480C}.Debug|x64.ActiveCfg = Debug|Any CPU
		{BAF59600-F7A3-44BB-8038-4282EDAB480C}.Debug|x64.Build.0 = Debug|Any CPU
		{BAF59600-F7A3-44BB-8038-4282EDAB480C}.Debug|x86.ActiveCfg = Debug|Any CPU
		{BAF59600-F7A3-44BB-8038-4282EDAB480C}.Debug|x86.Build.0 = Debug|Any CPU
		{BAF59600-F7A3-44BB-8038-4282EDAB480C}.Release|Any CPU.ActiveCfg = Release|Any CPU
		{BAF59600-F7A3-44BB-8038-4282EDAB480C}.Release|Any CPU.Build.0 = Release|Any CPU
		{BAF59600-F7A3-44BB-8038-4282EDAB480C}.Release|x64.ActiveCfg = Release|Any CPU
		{BAF59600-F7A3-44BB-8038-4282EDAB480C}.Release|x64.Build.0 = Release|Any CPU
		{BAF59600-F7A3-44BB-8038-4282EDAB480C}.Release|x86.ActiveCfg = Release|Any CPU
		{BAF59600-F7A3-44BB-8038-4282EDAB480C}.Release|x86.Build.0 = Release|Any CPU
		{47F66926-8BF8-4D5A-9402-44BD6F2D1170}.Debug|Any CPU.ActiveCfg = Debug|Any CPU
		{47F66926-8BF8-4D5A-9402-44BD6F2D1170}.Debug|Any CPU.Build.0 = Debug|Any CPU
		{47F66926-8BF8-4D5A-9402-44BD6F2D1170}.Debug|x64.ActiveCfg = Debug|Any CPU
		{47F66926-8BF8-4D5A-9402-44BD6F2D1170}.Debug|x64.Build.0 = Debug|Any CPU
		{47F66926-8BF8-4D5A-9402-44BD6F2D1170}.Debug|x86.ActiveCfg = Debug|Any CPU
		{47F66926-8BF8-4D5A-9402-44BD6F2D1170}.Debug|x86.Build.0 = Debug|Any CPU
		{47F66926-8BF8-4D5A-9402-44BD6F2D1170}.Release|Any CPU.ActiveCfg = Release|Any CPU
		{47F66926-8BF8-4D5A-9402-44BD6F2D1170}.Release|Any CPU.Build.0 = Release|Any CPU
		{47F66926-8BF8-4D5A-9402-44BD6F2D1170}.Release|x64.ActiveCfg = Release|Any CPU
		{47F66926-8BF8-4D5A-9402-44BD6F2D1170}.Release|x64.Build.0 = Release|Any CPU
		{47F66926-8BF8-4D5A-9402-44BD6F2D1170}.Release|x86.ActiveCfg = Release|Any CPU
		{47F66926-8BF8-4D5A-9402-44BD6F2D1170}.Release|x86.Build.0 = Release|Any CPU
	EndGlobalSection
	GlobalSection(SolutionProperties) = preSolution
		HideSolutionNode = FALSE
	EndGlobalSection
EndGlobal
